{
  "name": "html",
  "version": "0.1.0",
  "lockfileVersion": 1,
  "requires": true,
  "dependencies": {
    "@types/node": {
      "version": "7.0.43",
      "resolved": "http://registry.npm.taobao.org/@types/node/download/@types/node-7.0.43.tgz",
      "integrity": "sha1-oYfghJWgdfIAypRgeckU4aX+liw=",
      "dev": true
    },
    "applicationinsights": {
      "version": "0.18.0",
      "resolved": "http://registry.npm.taobao.org/applicationinsights/download/applicationinsights-0.18.0.tgz",
      "integrity": "sha1-Fi67SKODQIvE3kTbMrQXMH9Fu8E="
    },
    "typescript": {
      "version": "2.6.1",
      "resolved": "http://registry.npm.taobao.org/typescript/download/typescript-2.6.1.tgz",
      "integrity": "sha1-7znN6ierrAtQAkLWcmq5DgyEZjE="
    },
    "vscode-extension-telemetry": {
      "version": "0.0.8",
      "resolved": "http://registry.npm.taobao.org/vscode-extension-telemetry/download/vscode-extension-telemetry-0.0.8.tgz",
      "integrity": "sha1-ImG/+Ya2aQpvH3RqRaxb0fhdKeA=",
      "requires": {
        "applicationinsights": "0.18.0",
        "winreg": "1.2.3"
      }
    },
    "vscode-jsonrpc": {
      "version": "3.5.0-next.1",
      "resolved": "http://registry.npm.taobao.org/vscode-jsonrpc/download/vscode-jsonrpc-3.5.0-next.1.tgz",
      "integrity": "sha1-AmQ+I1toWNwxf5cu6w/xMN7zeAY="
    },
    "vscode-languageclient": {
      "version": "3.5.0-next.3",
      "resolved": "http://registry.npm.taobao.org/vscode-languageclient/download/vscode-languageclient-3.5.0-next.3.tgz",
      "integrity": "sha1-Poi7MbVZ7ARiswwDGd51HjFTj1k=",
      "requires": {
        "vscode-languageserver-protocol": "3.5.0-next.3"
      }
    },
    "vscode-languageserver-protocol": {
      "version": "3.5.0-next.3",
      "resolved": "http://registry.npm.taobao.org/vscode-languageserver-protocol/download/vscode-languageserver-protocol-3.5.0-next.3.tgz",
      "integrity": "sha1-xmD0siUMeU6s+DJTJogYIN/iZxo=",
      "requires": {
        "vscode-jsonrpc": "3.5.0-next.1",
        "vscode-languageserver-types": "3.5.0-next.1"
      }
    },
    "vscode-languageserver-types": {
      "version": "3.5.0-next.1",
      "resolved": "http://registry.npm.taobao.org/vscode-languageserver-types/download/vscode-languageserver-types-3.5.0-next.1.tgz",
      "integrity": "sha1-8nKTWw12whoyYRAmBiPelpgb06s="
    },
    "vscode-nls": {
      "version": "2.0.2",
      "resolved": "http://registry.npm.taobao.org/vscode-nls/download/vscode-nls-2.0.2.tgz",
      "integrity": "sha1-gIUiOAhEuK0VNJmvXDsDkhrqAto="
    },
    "winreg": {
      "version": "1.2.3",
      "resolved": "http://registry.npm.taobao.org/winreg/download/winreg-1.2.3.tgz",
      "integrity": "sha1-k60RayaW2ofVj3JlqPzqUlSpZdU="
    }
  }
}
